
Microsoft Visual Studio Solution File, Format Version 12.00
# Visual Studio Version 17
VisualStudioVersion = 17.0.31903.59
MinimumVisualStudioVersion = 10.0.40219.1
Project("{FAE04EC0-301F-11D3-BF4B-00C04F79EFBC}") = "Plan", "Plan\Plan.csproj", "{0FD4FB34-232D-4264-B191-FBC533D370F2}"
EndProject
Project("{FAE04EC0-301F-11D3-BF4B-00C04F79EFBC}") = "Plan.Data", "Plan.Data\Plan.Data.csproj", "{87B959F9-0958-4E04-ABFC-19292F703D66}"
EndProject
Project("{FAE04EC0-301F-11D3-BF4B-00C04F79EFBC}") = "Plan.Tests", "Plan.Tests\Plan.Tests.csproj", "{3EBBE190-7307-4D4A-9E79-6BD7CA271326}"
EndProject
Global
	GlobalSection(SolutionConfigurationPlatforms) = preSolution
		Debug|Any CPU = Debug|Any CPU
		Debug|x64 = Debug|x64
		Debug|x86 = Debug|x86
		Release|Any CPU = Release|Any CPU
		Release|x64 = Release|x64
		Release|x86 = Release|x86
	EndGlobalSection
	GlobalSection(ProjectConfigurationPlatforms) = postSolution
		{0FD4FB34-232D-4264-B191-FBC533D370F2}.Debug|Any CPU.ActiveCfg = Debug|Any CPU
		{0FD4FB34-232D-4264-B191-FBC533D370F2}.Debug|Any CPU.Build.0 = Debug|Any CPU
		{0FD4FB34-232D-4264-B191-FBC533D370F2}.Debug|x64.ActiveCfg = Debug|Any CPU
		{0FD4FB34-232D-4264-B191-FBC533D370F2}.Debug|x64.Build.0 = Debug|Any CPU
		{0FD4FB34-232D-4264-B191-FBC533D370F2}.Debug|x86.ActiveCfg = Debug|Any CPU
		{0FD4FB34-232D-4264-B191-FBC533D370F2}.Debug|x86.Build.0 = Debug|Any CPU
		{0FD4FB34-232D-4264-B191-FBC533D370F2}.Release|Any CPU.ActiveCfg = Release|Any CPU
		{0FD4FB34-232D-4264-B191-FBC533D370F2}.Release|Any CPU.Build.0 = Release|Any CPU
		{0FD4FB34-232D-4264-B191-FBC533D370F2}.Release|x64.ActiveCfg = Release|Any CPU
		{0FD4FB34-232D-4264-B191-FBC533D370F2}.Release|x64.Build.0 = Release|Any CPU
		{0FD4FB34-232D-4264-B191-FBC533D370F2}.Release|x86.ActiveCfg = Release|Any CPU
		{0FD4FB34-232D-4264-B191-FBC533D370F2}.Release|x86.Build.0 = Release|Any CPU
		{87B959F9-0958-4E04-ABFC-19292F703D66}.Debug|Any CPU.ActiveCfg = Debug|Any CPU
		{87B959F9-0958-4E04-ABFC-19292F703D66}.Debug|Any CPU.Build.0 = Debug|Any CPU
		{87B959F9-0958-4E04-ABFC-19292F703D66}.Debug|x64.ActiveCfg = Debug|Any CPU
		{87B959F9-0958-4E04-ABFC-19292F703D66}.Debug|x64.Build.0 = Debug|Any CPU
		{87B959F9-0958-4E04-ABFC-19292F703D66}.Debug|x86.ActiveCfg = Debug|Any CPU
		{87B959F9-0958-4E04-ABFC-19292F703D66}.Debug|x86.Build.0 = Debug|Any CPU
		{87B959F9-0958-4E04-ABFC-19292F703D66}.Release|Any CPU.ActiveCfg = Release|Any CPU
		{87B959F9-0958-4E04-ABFC-19292F703D66}.Release|Any CPU.Build.0 = Release|Any CPU
		{87B959F9-0958-4E04-ABFC-19292F703D66}.Release|x64.ActiveCfg = Release|Any CPU
		{87B959F9-0958-4E04-ABFC-19292F703D66}.Release|x64.Build.0 = Release|Any CPU
		{87B959F9-0958-4E04-ABFC-19292F703D66}.Release|x86.ActiveCfg = Release|Any CPU
		{87B959F9-0958-4E04-ABFC-19292F703D66}.Release|x86.Build.0 = Release|Any CPU
		{3EBBE190-7307-4D4A-9E79-6BD7CA271326}.Debug|Any CPU.ActiveCfg = Debug|Any CPU
		{3EBBE190-7307-4D4A-9E79-6BD7CA271326}.Debug|Any CPU.Build.0 = Debug|Any CPU
		{3EBBE190-7307-4D4A-9E79-6BD7CA271326}.Debug|x64.ActiveCfg = Debug|Any CPU
		{3EBBE190-7307-4D4A-9E79-6BD7CA271326}.Debug|x64.Build.0 = Debug|Any CPU
		{3EBBE190-7307-4D4A-9E79-6BD7CA271326}.Debug|x86.ActiveCfg = Debug|Any CPU
		{3EBBE190-7307-4D4A-9E79-6BD7CA271326}.Debug|x86.Build.0 = Debug|Any CPU
		{3EBBE190-7307-4D4A-9E79-6BD7CA271326}.Release|Any CPU.ActiveCfg = Release|Any CPU
		{3EBBE190-7307-4D4A-9E79-6BD7CA271326}.Release|Any CPU.Build.0 = Release|Any CPU
		{3EBBE190-7307-4D4A-9E79-6BD7CA271326}.Release|x64.ActiveCfg = Release|Any CPU
		{3EBBE190-7307-4D4A-9E79-6BD7CA271326}.Release|x64.Build.0 = Release|Any CPU
		{3EBBE190-7307-4D4A-9E79-6BD7CA271326}.Release|x86.ActiveCfg = Release|Any CPU
		{3EBBE190-7307-4D4A-9E79-6BD7CA271326}.Release|x86.Build.0 = Release|Any CPU
	EndGlobalSection
	GlobalSection(SolutionProperties) = preSolution
		HideSolutionNode = FALSE
	EndGlobalSection
EndGlobal
